
Microsoft Visual Studio Solution File, Format Version 12.00
# Visual Studio 2017
Project("{FAE04EC0-301F-11D3-BF4B-00C04F79EFBC}") = "LeapMotion", "LeapMotion.csproj", "{5994B7E8-6308-544D-B221-218DFCFA5728}"
EndProject
Project("{FAE04EC0-301F-11D3-BF4B-00C04F79EFBC}") = "LeapMotion.Editor", "LeapMotion.Editor.csproj", "{5D5B2C87-505A-51D6-3D42-60128B06B6CC}"
EndProject
Global
	GlobalSection(SolutionConfigurationPlatforms) = preSolution
		Debug|Any CPU = Debug|Any CPU
		Release|Any CPU = Release|Any CPU
	EndGlobalSection
	GlobalSection(ProjectConfigurationPlatforms) = postSolution
		{5994B7E8-6308-544D-B221-218DFCFA5728}.Debug|Any CPU.ActiveCfg = Debug|Any CPU
		{5994B7E8-6308-544D-B221-218DFCFA5728}.Debug|Any CPU.Build.0 = Debug|Any CPU
		{5994B7E8-6308-544D-B221-218DFCFA5728}.Release|Any CPU.ActiveCfg = Release|Any CPU
		{5994B7E8-6308-544D-B221-218DFCFA5728}.Release|Any CPU.Build.0 = Release|Any CPU
		{5D5B2C87-505A-51D6-3D42-60128B06B6CC}.Debug|Any CPU.ActiveCfg = Debug|Any CPU
		{5D5B2C87-505A-51D6-3D42-60128B06B6CC}.Debug|Any CPU.Build.0 = Debug|Any CPU
		{5D5B2C87-505A-51D6-3D42-60128B06B6CC}.Release|Any CPU.ActiveCfg = Release|Any CPU
		{5D5B2C87-505A-51D6-3D42-60128B06B6CC}.Release|Any CPU.Build.0 = Release|Any CPU
	EndGlobalSection
	GlobalSection(SolutionProperties) = preSolution
		HideSolutionNode = FALSE
	EndGlobalSection
EndGlobal
